
Microsoft Visual Studio Solution File, Format Version 12.00
# Visual Studio Version 17
VisualStudioVersion = 17.4.33122.133
MinimumVisualStudioVersion = 10.0.40219.1
Project("{FAE04EC0-301F-11D3-BF4B-00C04F79EFBC}") = "DbFirstCrud", "DbFirstCrud\DbFirstCrud.csproj", "{FC9CAF76-D297-4357-BA3A-1E44AF5C0559}"
EndProject
Global
	GlobalSection(SolutionConfigurationPlatforms) = preSolution
		Debug|Any CPU = Debug|Any CPU
		Release|Any CPU = Release|Any CPU
	EndGlobalSection
	GlobalSection(ProjectConfigurationPlatforms) = postSolution
		{FC9CAF76-D297-4357-BA3A-1E44AF5C0559}.Debug|Any CPU.ActiveCfg = Debug|Any CPU
		{FC9CAF76-D297-4357-BA3A-1E44AF5C0559}.Debug|Any CPU.Build.0 = Debug|Any CPU
		{FC9CAF76-D297-4357-BA3A-1E44AF5C0559}.Release|Any CPU.ActiveCfg = Release|Any CPU
		{FC9CAF76-D297-4357-BA3A-1E44AF5C0559}.Release|Any CPU.Build.0 = Release|Any CPU
	EndGlobalSection
	GlobalSection(SolutionProperties) = preSolution
		HideSolutionNode = FALSE
	EndGlobalSection
	GlobalSection(ExtensibilityGlobals) = postSolution
		SolutionGuid = {A23D39B9-4715-45E4-9B4A-5D29766F1B88}
	EndGlobalSection
EndGlobal
